
Microsoft Visual Studio Solution File, Format Version 12.00
# Visual Studio Version 16
VisualStudioVersion = 16.0.29926.136
MinimumVisualStudioVersion = 10.0.40219.1
Project("{9A19103F-16F7-4668-BE54-9A1E7A4F7556}") = "SpotKick.Application", "SpotKick.Application\SpotKick.Application.csproj", "{ADADF6F7-7D79-4C84-9393-290C4116FBAB}"
EndProject
Project("{9A19103F-16F7-4668-BE54-9A1E7A4F7556}") = "SpotKick.Desktop", "SpotKick.Desktop\SpotKick.Desktop.csproj", "{B6BBD3A6-03FF-4743-B3A6-D2209B99A847}"
EndProject
Global
	GlobalSection(SolutionConfigurationPlatforms) = preSolution
		Debug|Any CPU = Debug|Any CPU
		Release|Any CPU = Release|Any CPU
	EndGlobalSection
	GlobalSection(ProjectConfigurationPlatforms) = postSolution
		{ADADF6F7-7D79-4C84-9393-290C4116FBAB}.Debug|Any CPU.ActiveCfg = Debug|Any CPU
		{ADADF6F7-7D79-4C84-9393-290C4116FBAB}.Debug|Any CPU.Build.0 = Debug|Any CPU
		{ADADF6F7-7D79-4C84-9393-290C4116FBAB}.Release|Any CPU.ActiveCfg = Release|Any CPU
		{ADADF6F7-7D79-4C84-9393-290C4116FBAB}.Release|Any CPU.Build.0 = Release|Any CPU
		{B6BBD3A6-03FF-4743-B3A6-D2209B99A847}.Debug|Any CPU.ActiveCfg = Debug|Any CPU
		{B6BBD3A6-03FF-4743-B3A6-D2209B99A847}.Debug|Any CPU.Build.0 = Debug|Any CPU
		{B6BBD3A6-03FF-4743-B3A6-D2209B99A847}.Release|Any CPU.ActiveCfg = Release|Any CPU
		{B6BBD3A6-03FF-4743-B3A6-D2209B99A847}.Release|Any CPU.Build.0 = Release|Any CPU
	EndGlobalSection
	GlobalSection(SolutionProperties) = preSolution
		HideSolutionNode = FALSE
	EndGlobalSection
	GlobalSection(ExtensibilityGlobals) = postSolution
		SolutionGuid = {4F5C3744-0F34-4BCB-8728-A4F049F99372}
	EndGlobalSection
EndGlobal
